
Microsoft Visual Studio Solution File, Format Version 12.00
# Visual Studio Version 17
VisualStudioVersion = 17.8.34330.188
MinimumVisualStudioVersion = 10.0.40219.1
Project("{F184B08F-C81C-45F6-A57F-5ABD9991F28F}") = "algebrabubblegame", "algebrabubblegame\algebrabubblegame.vbproj", "{33BC0316-CF49-4032-B43C-CA790FF2095B}"
EndProject
Global
	GlobalSection(SolutionConfigurationPlatforms) = preSolution
		Debug|Any CPU = Debug|Any CPU
		Release|Any CPU = Release|Any CPU
	EndGlobalSection
	GlobalSection(ProjectConfigurationPlatforms) = postSolution
		{33BC0316-CF49-4032-B43C-CA790FF2095B}.Debug|Any CPU.ActiveCfg = Debug|Any CPU
		{33BC0316-CF49-4032-B43C-CA790FF2095B}.Debug|Any CPU.Build.0 = Debug|Any CPU
		{33BC0316-CF49-4032-B43C-CA790FF2095B}.Release|Any CPU.ActiveCfg = Release|Any CPU
		{33BC0316-CF49-4032-B43C-CA790FF2095B}.Release|Any CPU.Build.0 = Release|Any CPU
	EndGlobalSection
	GlobalSection(SolutionProperties) = preSolution
		HideSolutionNode = FALSE
	EndGlobalSection
	GlobalSection(ExtensibilityGlobals) = postSolution
		SolutionGuid = {43DD845C-E90D-44E9-8602-A589B2779DD1}
	EndGlobalSection
EndGlobal
